
Microsoft Visual Studio Solution File, Format Version 12.00
# Visual Studio Version 17
VisualStudioVersion = 17.5.002.0
MinimumVisualStudioVersion = 10.0.40219.1
Project("{9A19103F-16F7-4668-BE54-9A1E7A4F7556}") = "iPhotoGrabr", "iPhotoGrabr.csproj", "{A09E28FE-34E7-47EB-ABBA-79F26C367FCF}"
EndProject
Global
	GlobalSection(SolutionConfigurationPlatforms) = preSolution
		Debug|Any CPU = Debug|Any CPU
		Release|Any CPU = Release|Any CPU
	EndGlobalSection
	GlobalSection(ProjectConfigurationPlatforms) = postSolution
		{A09E28FE-34E7-47EB-ABBA-79F26C367FCF}.Debug|Any CPU.ActiveCfg = Debug|Any CPU
		{A09E28FE-34E7-47EB-ABBA-79F26C367FCF}.Debug|Any CPU.Build.0 = Debug|Any CPU
		{A09E28FE-34E7-47EB-ABBA-79F26C367FCF}.Release|Any CPU.ActiveCfg = Release|Any CPU
		{A09E28FE-34E7-47EB-ABBA-79F26C367FCF}.Release|Any CPU.Build.0 = Release|Any CPU
	EndGlobalSection
	GlobalSection(SolutionProperties) = preSolution
		HideSolutionNode = FALSE
	EndGlobalSection
	GlobalSection(ExtensibilityGlobals) = postSolution
		SolutionGuid = {D03E0739-44E6-474F-9AFF-9E88FDC77B78}
	EndGlobalSection
EndGlobal
